// !$*UTF8*$!
{
	archiveVersion = 1;
	classes = {
	};
	objectVersion = 48;
	objects = {

/* Begin PBXBuildFile section */
		60B70444374D896AD9A091A5 /* Pods_github_trending_iosTests.framework in Frameworks */ = {isa = PBXBuildFile; fileRef = F9FA1F80F483A0E5C687CF81 /* Pods_github_trending_iosTests.framework */; };
		78C4254C2045D84900BD5D95 /* AppDelegate.swift in Sources */ = {isa = PBXBuildFile; fileRef = 78C4254B2045D84900BD5D95 /* AppDelegate.swift */; };
		78C4254E2045D84900BD5D95 /* ViewController.swift in Sources */ = {isa = PBXBuildFile; fileRef = 78C4254D2045D84900BD5D95 /* ViewController.swift */; };
		78C425512045D84900BD5D95 /* Main.storyboard in Resources */ = {isa = PBXBuildFile; fileRef = 78C4254F2045D84900BD5D95 /* Main.storyboard */; };
		78C425532045D84900BD5D95 /* Assets.xcassets in Resources */ = {isa = PBXBuildFile; fileRef = 78C425522045D84900BD5D95 /* Assets.xcassets */; };
		78C425562045D84900BD5D95 /* LaunchScreen.storyboard in Resources */ = {isa = PBXBuildFile; fileRef = 78C425542045D84900BD5D95 /* LaunchScreen.storyboard */; };
		78C4256D2045DA1D00BD5D95 /* NetworkStack.swift in Sources */ = {isa = PBXBuildFile; fileRef = 78C4256C2045DA1D00BD5D95 /* NetworkStack.swift */; };
		78C4256F2045E18600BD5D95 /* AlamoFireNetworkStack.swift in Sources */ = {isa = PBXBuildFile; fileRef = 78C4256E2045E18600BD5D95 /* AlamoFireNetworkStack.swift */; };
		78C425732045EC5300BD5D95 /* GithubEntities.swift in Sources */ = {isa = PBXBuildFile; fileRef = 78C425722045EC5300BD5D95 /* GithubEntities.swift */; };
		78C425762045ED8C00BD5D95 /* GithubEntityParsers.swift in Sources */ = {isa = PBXBuildFile; fileRef = 78C425752045ED8C00BD5D95 /* GithubEntityParsers.swift */; };
		78C425792045EFEF00BD5D95 /* good_repositories_response.json in Resources */ = {isa = PBXBuildFile; fileRef = 78C425782045EFEF00BD5D95 /* good_repositories_response.json */; };
		78C4257C2045F37700BD5D95 /* GithubParsersTests.swift in Sources */ = {isa = PBXBuildFile; fileRef = 78C4257B2045F37700BD5D95 /* GithubParsersTests.swift */; };
		78C4257E2045FB1400BD5D95 /* TestHelpers.swift in Sources */ = {isa = PBXBuildFile; fileRef = 78C4257D2045FB1400BD5D95 /* TestHelpers.swift */; };
		78C425802045FC8B00BD5D95 /* bad_repositories_response.json in Resources */ = {isa = PBXBuildFile; fileRef = 78C4257F2045FC8B00BD5D95 /* bad_repositories_response.json */; };
		78C425832045FE4300BD5D95 /* GitHubClient.swift in Sources */ = {isa = PBXBuildFile; fileRef = 78C425822045FE4300BD5D95 /* GitHubClient.swift */; };
		78C42585204604F000BD5D95 /* good_readme_response.json in Resources */ = {isa = PBXBuildFile; fileRef = 78C42584204604F000BD5D95 /* good_readme_response.json */; };
		78C425872046050E00BD5D95 /* bad_readme_response.json in Resources */ = {isa = PBXBuildFile; fileRef = 78C425862046050E00BD5D95 /* bad_readme_response.json */; };
		78E1F6B520460AEB00351594 /* GitHubClientTests.swift in Sources */ = {isa = PBXBuildFile; fileRef = 78E1F6B420460AEB00351594 /* GitHubClientTests.swift */; };
		85F50408ED8B36DE831ECC2E /* Pods_github_trending_ios.framework in Frameworks */ = {isa = PBXBuildFile; fileRef = 6840B1DCC7B0BADDDAEA56BA /* Pods_github_trending_ios.framework */; };
/* End PBXBuildFile section */

/* Begin PBXContainerItemProxy section */
		78C4255D2045D84900BD5D95 /* PBXContainerItemProxy */ = {
			isa = PBXContainerItemProxy;
			containerPortal = 78C425402045D84900BD5D95 /* Project object */;
			proxyType = 1;
			remoteGlobalIDString = 78C425472045D84900BD5D95;
			remoteInfo = github_trending_ios;
		};
/* End PBXContainerItemProxy section */

/* Begin PBXFileReference section */
		089B5068B5507B6185AC1172 /* Pods-github_trending_ios.release.xcconfig */ = {isa = PBXFileReference; includeInIndex = 1; lastKnownFileType = text.xcconfig; name = "Pods-github_trending_ios.release.xcconfig"; path = "Pods/Target Support Files/Pods-github_trending_ios/Pods-github_trending_ios.release.xcconfig"; sourceTree = "<group>"; };
		33377A7A816BB931DDA113B8 /* Pods-github_trending_ios.debug.xcconfig */ = {isa = PBXFileReference; includeInIndex = 1; lastKnownFileType = text.xcconfig; name = "Pods-github_trending_ios.debug.xcconfig"; path = "Pods/Target Support Files/Pods-github_trending_ios/Pods-github_trending_ios.debug.xcconfig"; sourceTree = "<group>"; };
		6840B1DCC7B0BADDDAEA56BA /* Pods_github_trending_ios.framework */ = {isa = PBXFileReference; explicitFileType = wrapper.framework; includeInIndex = 0; path = Pods_github_trending_ios.framework; sourceTree = BUILT_PRODUCTS_DIR; };
		78C425482045D84900BD5D95 /* github_trending_ios.app */ = {isa = PBXFileReference; explicitFileType = wrapper.application; includeInIndex = 0; path = github_trending_ios.app; sourceTree = BUILT_PRODUCTS_DIR; };
		78C4254B2045D84900BD5D95 /* AppDelegate.swift */ = {isa = PBXFileReference; lastKnownFileType = sourcecode.swift; path = AppDelegate.swift; sourceTree = "<group>"; };
		78C4254D2045D84900BD5D95 /* ViewController.swift */ = {isa = PBXFileReference; lastKnownFileType = sourcecode.swift; path = ViewController.swift; sourceTree = "<group>"; };
		78C425502045D84900BD5D95 /* Base */ = {isa = PBXFileReference; lastKnownFileType = file.storyboard; name = Base; path = Base.lproj/Main.storyboard; sourceTree = "<group>"; };
		78C425522045D84900BD5D95 /* Assets.xcassets */ = {isa = PBXFileReference; lastKnownFileType = folder.assetcatalog; path = Assets.xcassets; sourceTree = "<group>"; };
		78C425552045D84900BD5D95 /* Base */ = {isa = PBXFileReference; lastKnownFileType = file.storyboard; name = Base; path = Base.lproj/LaunchScreen.storyboard; sourceTree = "<group>"; };
		78C425572045D84900BD5D95 /* Info.plist */ = {isa = PBXFileReference; lastKnownFileType = text.plist.xml; path = Info.plist; sourceTree = "<group>"; };
		78C4255C2045D84900BD5D95 /* github_trending_iosTests.xctest */ = {isa = PBXFileReference; explicitFileType = wrapper.cfbundle; includeInIndex = 0; path = github_trending_iosTests.xctest; sourceTree = BUILT_PRODUCTS_DIR; };
		78C425622045D84900BD5D95 /* Info.plist */ = {isa = PBXFileReference; lastKnownFileType = text.plist.xml; path = Info.plist; sourceTree = "<group>"; };
		78C4256C2045DA1D00BD5D95 /* NetworkStack.swift */ = {isa = PBXFileReference; lastKnownFileType = sourcecode.swift; path = NetworkStack.swift; sourceTree = "<group>"; };
		78C4256E2045E18600BD5D95 /* AlamoFireNetworkStack.swift */ = {isa = PBXFileReference; lastKnownFileType = sourcecode.swift; path = AlamoFireNetworkStack.swift; sourceTree = "<group>"; };
		78C425722045EC5300BD5D95 /* GithubEntities.swift */ = {isa = PBXFileReference; lastKnownFileType = sourcecode.swift; path = GithubEntities.swift; sourceTree = "<group>"; };
		78C425752045ED8C00BD5D95 /* GithubEntityParsers.swift */ = {isa = PBXFileReference; lastKnownFileType = sourcecode.swift; path = GithubEntityParsers.swift; sourceTree = "<group>"; };
		78C425782045EFEF00BD5D95 /* good_repositories_response.json */ = {isa = PBXFileReference; lastKnownFileType = text.json; path = good_repositories_response.json; sourceTree = "<group>"; };
		78C4257A2045F37700BD5D95 /* github_trending_iosTests-Bridging-Header.h */ = {isa = PBXFileReference; lastKnownFileType = sourcecode.c.h; path = "github_trending_iosTests-Bridging-Header.h"; sourceTree = "<group>"; };
		78C4257B2045F37700BD5D95 /* GithubParsersTests.swift */ = {isa = PBXFileReference; lastKnownFileType = sourcecode.swift; path = GithubParsersTests.swift; sourceTree = "<group>"; };
		78C4257D2045FB1400BD5D95 /* TestHelpers.swift */ = {isa = PBXFileReference; lastKnownFileType = sourcecode.swift; path = TestHelpers.swift; sourceTree = "<group>"; };
		78C4257F2045FC8B00BD5D95 /* bad_repositories_response.json */ = {isa = PBXFileReference; lastKnownFileType = text.json; path = bad_repositories_response.json; sourceTree = "<group>"; };
		78C425822045FE4300BD5D95 /* GitHubClient.swift */ = {isa = PBXFileReference; lastKnownFileType = sourcecode.swift; path = GitHubClient.swift; sourceTree = "<group>"; };
		78C42584204604F000BD5D95 /* good_readme_response.json */ = {isa = PBXFileReference; lastKnownFileType = text.json; path = good_readme_response.json; sourceTree = "<group>"; };
		78C425862046050E00BD5D95 /* bad_readme_response.json */ = {isa = PBXFileReference; lastKnownFileType = text.json; path = bad_readme_response.json; sourceTree = "<group>"; };
		78E1F6B420460AEB00351594 /* GitHubClientTests.swift */ = {isa = PBXFileReference; lastKnownFileType = sourcecode.swift; path = GitHubClientTests.swift; sourceTree = "<group>"; };
		B343F314C6C0FA3B0066A33F /* Pods-github_trending_iosTests.debug.xcconfig */ = {isa = PBXFileReference; includeInIndex = 1; lastKnownFileType = text.xcconfig; name = "Pods-github_trending_iosTests.debug.xcconfig"; path = "Pods/Target Support Files/Pods-github_trending_iosTests/Pods-github_trending_iosTests.debug.xcconfig"; sourceTree = "<group>"; };
		BA595E406ECA0BD1C441AE58 /* Pods-github_trending_iosTests.release.xcconfig */ = {isa = PBXFileReference; includeInIndex = 1; lastKnownFileType = text.xcconfig; name = "Pods-github_trending_iosTests.release.xcconfig"; path = "Pods/Target Support Files/Pods-github_trending_iosTests/Pods-github_trending_iosTests.release.xcconfig"; sourceTree = "<group>"; };
		F9FA1F80F483A0E5C687CF81 /* Pods_github_trending_iosTests.framework */ = {isa = PBXFileReference; explicitFileType = wrapper.framework; includeInIndex = 0; path = Pods_github_trending_iosTests.framework; sourceTree = BUILT_PRODUCTS_DIR; };
/* End PBXFileReference section */

/* Begin PBXFrameworksBuildPhase section */
		78C425452045D84900BD5D95 /* Frameworks */ = {
			isa = PBXFrameworksBuildPhase;
			buildActionMask = 2147483647;
			files = (
				85F50408ED8B36DE831ECC2E /* Pods_github_trending_ios.framework in Frameworks */,
			);
			runOnlyForDeploymentPostprocessing = 0;
		};
		78C425592045D84900BD5D95 /* Frameworks */ = {
			isa = PBXFrameworksBuildPhase;
			buildActionMask = 2147483647;
			files = (
				60B70444374D896AD9A091A5 /* Pods_github_trending_iosTests.framework in Frameworks */,
			);
			runOnlyForDeploymentPostprocessing = 0;
		};
/* End PBXFrameworksBuildPhase section */

/* Begin PBXGroup section */
		002B0757700B1FEAC76F3B62 /* Pods */ = {
			isa = PBXGroup;
			children = (
				33377A7A816BB931DDA113B8 /* Pods-github_trending_ios.debug.xcconfig */,
				089B5068B5507B6185AC1172 /* Pods-github_trending_ios.release.xcconfig */,
				B343F314C6C0FA3B0066A33F /* Pods-github_trending_iosTests.debug.xcconfig */,
				BA595E406ECA0BD1C441AE58 /* Pods-github_trending_iosTests.release.xcconfig */,
			);
			name = Pods;
			sourceTree = "<group>";
		};
		78C4253F2045D84900BD5D95 = {
			isa = PBXGroup;
			children = (
				78C4254A2045D84900BD5D95 /* github_trending_ios */,
				78C4255F2045D84900BD5D95 /* github_trending_iosTests */,
				78C425492045D84900BD5D95 /* Products */,
				002B0757700B1FEAC76F3B62 /* Pods */,
				9CE975F11560A189DC6DBB98 /* Frameworks */,
			);
			sourceTree = "<group>";
		};
		78C425492045D84900BD5D95 /* Products */ = {
			isa = PBXGroup;
			children = (
				78C425482045D84900BD5D95 /* github_trending_ios.app */,
				78C4255C2045D84900BD5D95 /* github_trending_iosTests.xctest */,
			);
			name = Products;
			sourceTree = "<group>";
		};
		78C4254A2045D84900BD5D95 /* github_trending_ios */ = {
			isa = PBXGroup;
			children = (
				78C425702045E67400BD5D95 /* GitHub Client */,
				78C4256B2045D8A400BD5D95 /* Network */,
				78C4254B2045D84900BD5D95 /* AppDelegate.swift */,
				78C4254D2045D84900BD5D95 /* ViewController.swift */,
				78C4254F2045D84900BD5D95 /* Main.storyboard */,
				78C425522045D84900BD5D95 /* Assets.xcassets */,
				78C425542045D84900BD5D95 /* LaunchScreen.storyboard */,
				78C425572045D84900BD5D95 /* Info.plist */,
			);
			path = github_trending_ios;
			sourceTree = "<group>";
		};
		78C4255F2045D84900BD5D95 /* github_trending_iosTests */ = {
			isa = PBXGroup;
			children = (
				78C425772045EFC600BD5D95 /* Resources */,
				78C425622045D84900BD5D95 /* Info.plist */,
				78C4257B2045F37700BD5D95 /* GithubParsersTests.swift */,
				78C4257A2045F37700BD5D95 /* github_trending_iosTests-Bridging-Header.h */,
				78C4257D2045FB1400BD5D95 /* TestHelpers.swift */,
				78E1F6B420460AEB00351594 /* GitHubClientTests.swift */,
			);
			path = github_trending_iosTests;
			sourceTree = "<group>";
		};
		78C4256B2045D8A400BD5D95 /* Network */ = {
			isa = PBXGroup;
			children = (
				78C4256C2045DA1D00BD5D95 /* NetworkStack.swift */,
				78C4256E2045E18600BD5D95 /* AlamoFireNetworkStack.swift */,
			);
			path = Network;
			sourceTree = "<group>";
		};
		78C425702045E67400BD5D95 /* GitHub Client */ = {
			isa = PBXGroup;
			children = (
				78C425812045FE3400BD5D95 /* Client */,
				78C425742045ED7F00BD5D95 /* Parsers */,
				78C425712045EC2800BD5D95 /* Entities */,
			);
			path = "GitHub Client";
			sourceTree = "<group>";
		};
		78C425712045EC2800BD5D95 /* Entities */ = {
			isa = PBXGroup;
			children = (
				78C425722045EC5300BD5D95 /* GithubEntities.swift */,
			);
			path = Entities;
			sourceTree = "<group>";
		};
		78C425742045ED7F00BD5D95 /* Parsers */ = {
			isa = PBXGroup;
			children = (
				78C425752045ED8C00BD5D95 /* GithubEntityParsers.swift */,
			);
			path = Parsers;
			sourceTree = "<group>";
		};
		78C425772045EFC600BD5D95 /* Resources */ = {
			isa = PBXGroup;
			children = (
				78C425782045EFEF00BD5D95 /* good_repositories_response.json */,
				78C4257F2045FC8B00BD5D95 /* bad_repositories_response.json */,
				78C42584204604F000BD5D95 /* good_readme_response.json */,
				78C425862046050E00BD5D95 /* bad_readme_response.json */,
			);
			path = Resources;
			sourceTree = "<group>";
		};
		78C425812045FE3400BD5D95 /* Client */ = {
			isa = PBXGroup;
			children = (
				78C425822045FE4300BD5D95 /* GitHubClient.swift */,
			);
			path = Client;
			sourceTree = "<group>";
		};
		9CE975F11560A189DC6DBB98 /* Frameworks */ = {
			isa = PBXGroup;
			children = (
				6840B1DCC7B0BADDDAEA56BA /* Pods_github_trending_ios.framework */,
				F9FA1F80F483A0E5C687CF81 /* Pods_github_trending_iosTests.framework */,
			);
			name = Frameworks;
			sourceTree = "<group>";
		};
/* End PBXGroup section */

/* Begin PBXNativeTarget section */
		78C425472045D84900BD5D95 /* github_trending_ios */ = {
			isa = PBXNativeTarget;
			buildConfigurationList = 78C425652045D84900BD5D95 /* Build configuration list for PBXNativeTarget "github_trending_ios" */;
			buildPhases = (
				514F451A11C27F3B7AFA7DDD /* [CP] Check Pods Manifest.lock */,
				78C425442045D84900BD5D95 /* Sources */,
				78C425452045D84900BD5D95 /* Frameworks */,
				78C425462045D84900BD5D95 /* Resources */,
				418C6C05CA5EBAFA4709BF91 /* [CP] Embed Pods Frameworks */,
				B84AAC00763B7E1E2D2B4B7B /* [CP] Copy Pods Resources */,
			);
			buildRules = (
			);
			dependencies = (
			);
			name = github_trending_ios;
			productName = github_trending_ios;
			productReference = 78C425482045D84900BD5D95 /* github_trending_ios.app */;
			productType = "com.apple.product-type.application";
		};
		78C4255B2045D84900BD5D95 /* github_trending_iosTests */ = {
			isa = PBXNativeTarget;
			buildConfigurationList = 78C425682045D84900BD5D95 /* Build configuration list for PBXNativeTarget "github_trending_iosTests" */;
			buildPhases = (
				0845C3CA81ADF0BAE5012AF5 /* [CP] Check Pods Manifest.lock */,
				78C425582045D84900BD5D95 /* Sources */,
				78C425592045D84900BD5D95 /* Frameworks */,
				78C4255A2045D84900BD5D95 /* Resources */,
				837FFEE89939D9852FF346FB /* [CP] Embed Pods Frameworks */,
				B7A8A5E1D0CF41367EA4F53E /* [CP] Copy Pods Resources */,
			);
			buildRules = (
			);
			dependencies = (
				78C4255E2045D84900BD5D95 /* PBXTargetDependency */,
			);
			name = github_trending_iosTests;
			productName = github_trending_iosTests;
			productReference = 78C4255C2045D84900BD5D95 /* github_trending_iosTests.xctest */;
			productType = "com.apple.product-type.bundle.unit-test";
		};
/* End PBXNativeTarget section */

/* Begin PBXProject section */
		78C425402045D84900BD5D95 /* Project object */ = {
			isa = PBXProject;
			attributes = {
				LastSwiftUpdateCheck = 0920;
				LastUpgradeCheck = 0920;
				ORGANIZATIONNAME = "Kartupelis, John";
				TargetAttributes = {
					78C425472045D84900BD5D95 = {
						CreatedOnToolsVersion = 9.2;
						ProvisioningStyle = Automatic;
					};
					78C4255B2045D84900BD5D95 = {
						CreatedOnToolsVersion = 9.2;
						LastSwiftMigration = 0920;
						ProvisioningStyle = Automatic;
						TestTargetID = 78C425472045D84900BD5D95;
					};
				};
			};
			buildConfigurationList = 78C425432045D84900BD5D95 /* Build configuration list for PBXProject "github_trending_ios" */;
			compatibilityVersion = "Xcode 8.0";
			developmentRegion = en;
			hasScannedForEncodings = 0;
			knownRegions = (
				en,
				Base,
			);
			mainGroup = 78C4253F2045D84900BD5D95;
			productRefGroup = 78C425492045D84900BD5D95 /* Products */;
			projectDirPath = "";
			projectRoot = "";
			targets = (
				78C425472045D84900BD5D95 /* github_trending_ios */,
				78C4255B2045D84900BD5D95 /* github_trending_iosTests */,
			);
		};
/* End PBXProject section */

/* Begin PBXResourcesBuildPhase section */
		78C425462045D84900BD5D95 /* Resources */ = {
			isa = PBXResourcesBuildPhase;
			buildActionMask = 2147483647;
			files = (
				78C425562045D84900BD5D95 /* LaunchScreen.storyboard in Resources */,
				78C425532045D84900BD5D95 /* Assets.xcassets in Resources */,
				78C425512045D84900BD5D95 /* Main.storyboard in Resources */,
			);
			runOnlyForDeploymentPostprocessing = 0;
		};
		78C4255A2045D84900BD5D95 /* Resources */ = {
			isa = PBXResourcesBuildPhase;
			buildActionMask = 2147483647;
			files = (
				78C425802045FC8B00BD5D95 /* bad_repositories_response.json in Resources */,
				78C425872046050E00BD5D95 /* bad_readme_response.json in Resources */,
				78C425792045EFEF00BD5D95 /* good_repositories_response.json in Resources */,
				78C42585204604F000BD5D95 /* good_readme_response.json in Resources */,
			);
			runOnlyForDeploymentPostprocessing = 0;
		};
/* End PBXResourcesBuildPhase section */

/* Begin PBXShellScriptBuildPhase section */
		0845C3CA81ADF0BAE5012AF5 /* [CP] Check Pods Manifest.lock */ = {
			isa = PBXShellScriptBuildPhase;
			buildActionMask = 2147483647;
			files = (
			);
			inputPaths = (
				"${PODS_PODFILE_DIR_PATH}/Podfile.lock",
				"${PODS_ROOT}/Manifest.lock",
			);
			name = "[CP] Check Pods Manifest.lock";
			outputPaths = (
				"$(DERIVED_FILE_DIR)/Pods-github_trending_iosTests-checkManifestLockResult.txt",
			);
			runOnlyForDeploymentPostprocessing = 0;
			shellPath = /bin/sh;
			shellScript = "diff \"${PODS_PODFILE_DIR_PATH}/Podfile.lock\" \"${PODS_ROOT}/Manifest.lock\" > /dev/null\nif [ $? != 0 ] ; then\n    # print error to STDERR\n    echo \"error: The sandbox is not in sync with the Podfile.lock. Run 'pod install' or update your CocoaPods installation.\" >&2\n    exit 1\nfi\n# This output is used by Xcode 'outputs' to avoid re-running this script phase.\necho \"SUCCESS\" > \"${SCRIPT_OUTPUT_FILE_0}\"\n";
			showEnvVarsInLog = 0;
		};
		418C6C05CA5EBAFA4709BF91 /* [CP] Embed Pods Frameworks */ = {
			isa = PBXShellScriptBuildPhase;
			buildActionMask = 2147483647;
			files = (
			);
			inputPaths = (
				"${SRCROOT}/Pods/Target Support Files/Pods-github_trending_ios/Pods-github_trending_ios-frameworks.sh",
				"${BUILT_PRODUCTS_DIR}/Alamofire/Alamofire.framework",
				"${BUILT_PRODUCTS_DIR}/ReactiveSwift/ReactiveSwift.framework",
				"${BUILT_PRODUCTS_DIR}/Result/Result.framework",
			);
			name = "[CP] Embed Pods Frameworks";
			outputPaths = (
				"${TARGET_BUILD_DIR}/${FRAMEWORKS_FOLDER_PATH}/Alamofire.framework",
				"${TARGET_BUILD_DIR}/${FRAMEWORKS_FOLDER_PATH}/ReactiveSwift.framework",
				"${TARGET_BUILD_DIR}/${FRAMEWORKS_FOLDER_PATH}/Result.framework",
			);
			runOnlyForDeploymentPostprocessing = 0;
			shellPath = /bin/sh;
			shellScript = "\"${SRCROOT}/Pods/Target Support Files/Pods-github_trending_ios/Pods-github_trending_ios-frameworks.sh\"\n";
			showEnvVarsInLog = 0;
		};
		514F451A11C27F3B7AFA7DDD /* [CP] Check Pods Manifest.lock */ = {
			isa = PBXShellScriptBuildPhase;
			buildActionMask = 2147483647;
			files = (
			);
			inputPaths = (
				"${PODS_PODFILE_DIR_PATH}/Podfile.lock",
				"${PODS_ROOT}/Manifest.lock",
			);
			name = "[CP] Check Pods Manifest.lock";
			outputPaths = (
				"$(DERIVED_FILE_DIR)/Pods-github_trending_ios-checkManifestLockResult.txt",
			);
			runOnlyForDeploymentPostprocessing = 0;
			shellPath = /bin/sh;
			shellScript = "diff \"${PODS_PODFILE_DIR_PATH}/Podfile.lock\" \"${PODS_ROOT}/Manifest.lock\" > /dev/null\nif [ $? != 0 ] ; then\n    # print error to STDERR\n    echo \"error: The sandbox is not in sync with the Podfile.lock. Run 'pod install' or update your CocoaPods installation.\" >&2\n    exit 1\nfi\n# This output is used by Xcode 'outputs' to avoid re-running this script phase.\necho \"SUCCESS\" > \"${SCRIPT_OUTPUT_FILE_0}\"\n";
			showEnvVarsInLog = 0;
		};
		837FFEE89939D9852FF346FB /* [CP] Embed Pods Frameworks */ = {
			isa = PBXShellScriptBuildPhase;
			buildActionMask = 2147483647;
			files = (
			);
			inputPaths = (
				"${SRCROOT}/Pods/Target Support Files/Pods-github_trending_iosTests/Pods-github_trending_iosTests-frameworks.sh",
				"${BUILT_PRODUCTS_DIR}/ReactiveSwift/ReactiveSwift.framework",
				"${BUILT_PRODUCTS_DIR}/Result/Result.framework",
			);
			name = "[CP] Embed Pods Frameworks";
			outputPaths = (
				"${TARGET_BUILD_DIR}/${FRAMEWORKS_FOLDER_PATH}/ReactiveSwift.framework",
				"${TARGET_BUILD_DIR}/${FRAMEWORKS_FOLDER_PATH}/Result.framework",
			);
			runOnlyForDeploymentPostprocessing = 0;
			shellPath = /bin/sh;
			shellScript = "\"${SRCROOT}/Pods/Target Support Files/Pods-github_trending_iosTests/Pods-github_trending_iosTests-frameworks.sh\"\n";
			showEnvVarsInLog = 0;
		};
		B7A8A5E1D0CF41367EA4F53E /* [CP] Copy Pods Resources */ = {
			isa = PBXShellScriptBuildPhase;
			buildActionMask = 2147483647;
			files = (
			);
			inputPaths = (
			);
			name = "[CP] Copy Pods Resources";
			outputPaths = (
			);
			runOnlyForDeploymentPostprocessing = 0;
			shellPath = /bin/sh;
			shellScript = "\"${SRCROOT}/Pods/Target Support Files/Pods-github_trending_iosTests/Pods-github_trending_iosTests-resources.sh\"\n";
			showEnvVarsInLog = 0;
		};
		B84AAC00763B7E1E2D2B4B7B /* [CP] Copy Pods Resources */ = {
			isa = PBXShellScriptBuildPhase;
			buildActionMask = 2147483647;
			files = (
			);
			inputPaths = (
			);
			name = "[CP] Copy Pods Resources";
			outputPaths = (
			);
			runOnlyForDeploymentPostprocessing = 0;
			shellPath = /bin/sh;
			shellScript = "\"${SRCROOT}/Pods/Target Support Files/Pods-github_trending_ios/Pods-github_trending_ios-resources.sh\"\n";
			showEnvVarsInLog = 0;
		};
/* End PBXShellScriptBuildPhase section */

/* Begin PBXSourcesBuildPhase section */
		78C425442045D84900BD5D95 /* Sources */ = {
			isa = PBXSourcesBuildPhase;
			buildActionMask = 2147483647;
			files = (
				78C4254E2045D84900BD5D95 /* ViewController.swift in Sources */,
				78C4256D2045DA1D00BD5D95 /* NetworkStack.swift in Sources */,
				78C4256F2045E18600BD5D95 /* AlamoFireNetworkStack.swift in Sources */,
				78C425832045FE4300BD5D95 /* GitHubClient.swift in Sources */,
				78C4254C2045D84900BD5D95 /* AppDelegate.swift in Sources */,
				78C425762045ED8C00BD5D95 /* GithubEntityParsers.swift in Sources */,
				78C425732045EC5300BD5D95 /* GithubEntities.swift in Sources */,
			);
			runOnlyForDeploymentPostprocessing = 0;
		};
		78C425582045D84900BD5D95 /* Sources */ = {
			isa = PBXSourcesBuildPhase;
			buildActionMask = 2147483647;
			files = (
				78C4257C2045F37700BD5D95 /* GithubParsersTests.swift in Sources */,
				78E1F6B520460AEB00351594 /* GitHubClientTests.swift in Sources */,
				78C4257E2045FB1400BD5D95 /* TestHelpers.swift in Sources */,
			);
			runOnlyForDeploymentPostprocessing = 0;
		};
/* End PBXSourcesBuildPhase section */

/* Begin PBXTargetDependency section */
		78C4255E2045D84900BD5D95 /* PBXTargetDependency */ = {
			isa = PBXTargetDependency;
			target = 78C425472045D84900BD5D95 /* github_trending_ios */;
			targetProxy = 78C4255D2045D84900BD5D95 /* PBXContainerItemProxy */;
		};
/* End PBXTargetDependency section */

/* Begin PBXVariantGroup section */
		78C4254F2045D84900BD5D95 /* Main.storyboard */ = {
			isa = PBXVariantGroup;
			children = (
				78C425502045D84900BD5D95 /* Base */,
			);
			name = Main.storyboard;
			sourceTree = "<group>";
		};
		78C425542045D84900BD5D95 /* LaunchScreen.storyboard */ = {
			isa = PBXVariantGroup;
			children = (
				78C425552045D84900BD5D95 /* Base */,
			);
			name = LaunchScreen.storyboard;
			sourceTree = "<group>";
		};
/* End PBXVariantGroup section */

/* Begin XCBuildConfiguration section */
		78C425632045D84900BD5D95 /* Debug */ = {
			isa = XCBuildConfiguration;
			buildSettings = {
				ALWAYS_SEARCH_USER_PATHS = NO;
				CLANG_ANALYZER_NONNULL = YES;
				CLANG_ANALYZER_NUMBER_OBJECT_CONVERSION = YES_AGGRESSIVE;
				CLANG_CXX_LANGUAGE_STANDARD = "gnu++14";
				CLANG_CXX_LIBRARY = "libc++";
				CLANG_ENABLE_MODULES = YES;
				CLANG_ENABLE_OBJC_ARC = YES;
				CLANG_WARN_BLOCK_CAPTURE_AUTORELEASING = YES;
				CLANG_WARN_BOOL_CONVERSION = YES;
				CLANG_WARN_COMMA = YES;
				CLANG_WARN_CONSTANT_CONVERSION = YES;
				CLANG_WARN_DIRECT_OBJC_ISA_USAGE = YES_ERROR;
				CLANG_WARN_DOCUMENTATION_COMMENTS = YES;
				CLANG_WARN_EMPTY_BODY = YES;
				CLANG_WARN_ENUM_CONVERSION = YES;
				CLANG_WARN_INFINITE_RECURSION = YES;
				CLANG_WARN_INT_CONVERSION = YES;
				CLANG_WARN_NON_LITERAL_NULL_CONVERSION = YES;
				CLANG_WARN_OBJC_LITERAL_CONVERSION = YES;
				CLANG_WARN_OBJC_ROOT_CLASS = YES_ERROR;
				CLANG_WARN_RANGE_LOOP_ANALYSIS = YES;
				CLANG_WARN_STRICT_PROTOTYPES = YES;
				CLANG_WARN_SUSPICIOUS_MOVE = YES;
				CLANG_WARN_UNGUARDED_AVAILABILITY = YES_AGGRESSIVE;
				CLANG_WARN_UNREACHABLE_CODE = YES;
				CLANG_WARN__DUPLICATE_METHOD_MATCH = YES;
				CODE_SIGN_IDENTITY = "iPhone Developer";
				COPY_PHASE_STRIP = NO;
				DEBUG_INFORMATION_FORMAT = dwarf;
				ENABLE_STRICT_OBJC_MSGSEND = YES;
				ENABLE_TESTABILITY = YES;
				GCC_C_LANGUAGE_STANDARD = gnu11;
				GCC_DYNAMIC_NO_PIC = NO;
				GCC_NO_COMMON_BLOCKS = YES;
				GCC_OPTIMIZATION_LEVEL = 0;
				GCC_PREPROCESSOR_DEFINITIONS = (
					"DEBUG=1",
					"$(inherited)",
				);
				GCC_WARN_64_TO_32_BIT_CONVERSION = YES;
				GCC_WARN_ABOUT_RETURN_TYPE = YES_ERROR;
				GCC_WARN_UNDECLARED_SELECTOR = YES;
				GCC_WARN_UNINITIALIZED_AUTOS = YES_AGGRESSIVE;
				GCC_WARN_UNUSED_FUNCTION = YES;
				GCC_WARN_UNUSED_VARIABLE = YES;
				IPHONEOS_DEPLOYMENT_TARGET = 11.2;
				MTL_ENABLE_DEBUG_INFO = YES;
				ONLY_ACTIVE_ARCH = YES;
				SDKROOT = iphoneos;
				SWIFT_ACTIVE_COMPILATION_CONDITIONS = DEBUG;
				SWIFT_OPTIMIZATION_LEVEL = "-Onone";
			};
			name = Debug;
		};
		78C425642045D84900BD5D95 /* Release */ = {
			isa = XCBuildConfiguration;
			buildSettings = {
				ALWAYS_SEARCH_USER_PATHS = NO;
				CLANG_ANALYZER_NONNULL = YES;
				CLANG_ANALYZER_NUMBER_OBJECT_CONVERSION = YES_AGGRESSIVE;
				CLANG_CXX_LANGUAGE_STANDARD = "gnu++14";
				CLANG_CXX_LIBRARY = "libc++";
				CLANG_ENABLE_MODULES = YES;
				CLANG_ENABLE_OBJC_ARC = YES;
				CLANG_WARN_BLOCK_CAPTURE_AUTORELEASING = YES;
				CLANG_WARN_BOOL_CONVERSION = YES;
				CLANG_WARN_COMMA = YES;
				CLANG_WARN_CONSTANT_CONVERSION = YES;
				CLANG_WARN_DIRECT_OBJC_ISA_USAGE = YES_ERROR;
				CLANG_WARN_DOCUMENTATION_COMMENTS = YES;
				CLANG_WARN_EMPTY_BODY = YES;
				CLANG_WARN_ENUM_CONVERSION = YES;
				CLANG_WARN_INFINITE_RECURSION = YES;
				CLANG_WARN_INT_CONVERSION = YES;
				CLANG_WARN_NON_LITERAL_NULL_CONVERSION = YES;
				CLANG_WARN_OBJC_LITERAL_CONVERSION = YES;
				CLANG_WARN_OBJC_ROOT_CLASS = YES_ERROR;
				CLANG_WARN_RANGE_LOOP_ANALYSIS = YES;
				CLANG_WARN_STRICT_PROTOTYPES = YES;
				CLANG_WARN_SUSPICIOUS_MOVE = YES;
				CLANG_WARN_UNGUARDED_AVAILABILITY = YES_AGGRESSIVE;
				CLANG_WARN_UNREACHABLE_CODE = YES;
				CLANG_WARN__DUPLICATE_METHOD_MATCH = YES;
				CODE_SIGN_IDENTITY = "iPhone Developer";
				COPY_PHASE_STRIP = NO;
				DEBUG_INFORMATION_FORMAT = "dwarf-with-dsym";
				ENABLE_NS_ASSERTIONS = NO;
				ENABLE_STRICT_OBJC_MSGSEND = YES;
				GCC_C_LANGUAGE_STANDARD = gnu11;
				GCC_NO_COMMON_BLOCKS = YES;
				GCC_WARN_64_TO_32_BIT_CONVERSION = YES;
				GCC_WARN_ABOUT_RETURN_TYPE = YES_ERROR;
				GCC_WARN_UNDECLARED_SELECTOR = YES;
				GCC_WARN_UNINITIALIZED_AUTOS = YES_AGGRESSIVE;
				GCC_WARN_UNUSED_FUNCTION = YES;
				GCC_WARN_UNUSED_VARIABLE = YES;
				IPHONEOS_DEPLOYMENT_TARGET = 11.2;
				MTL_ENABLE_DEBUG_INFO = NO;
				SDKROOT = iphoneos;
				SWIFT_OPTIMIZATION_LEVEL = "-Owholemodule";
				VALIDATE_PRODUCT = YES;
			};
			name = Release;
		};
		78C425662045D84900BD5D95 /* Debug */ = {
			isa = XCBuildConfiguration;
			baseConfigurationReference = 33377A7A816BB931DDA113B8 /* Pods-github_trending_ios.debug.xcconfig */;
			buildSettings = {
				ASSETCATALOG_COMPILER_APPICON_NAME = AppIcon;
				CODE_SIGN_STYLE = Automatic;
				DEVELOPMENT_TEAM = 6DGGA4GWZR;
				INFOPLIST_FILE = github_trending_ios/Info.plist;
				LD_RUNPATH_SEARCH_PATHS = "$(inherited) @executable_path/Frameworks";
				PRODUCT_BUNDLE_IDENTIFIER = "onepointsixtwo.github-trending-ios";
				PRODUCT_NAME = "$(TARGET_NAME)";
				SWIFT_VERSION = 4.0;
				TARGETED_DEVICE_FAMILY = "1,2";
			};
			name = Debug;
		};
		78C425672045D84900BD5D95 /* Release */ = {
			isa = XCBuildConfiguration;
			baseConfigurationReference = 089B5068B5507B6185AC1172 /* Pods-github_trending_ios.release.xcconfig */;
			buildSettings = {
				ASSETCATALOG_COMPILER_APPICON_NAME = AppIcon;
				CODE_SIGN_STYLE = Automatic;
				DEVELOPMENT_TEAM = 6DGGA4GWZR;
				INFOPLIST_FILE = github_trending_ios/Info.plist;
				LD_RUNPATH_SEARCH_PATHS = "$(inherited) @executable_path/Frameworks";
				PRODUCT_BUNDLE_IDENTIFIER = "onepointsixtwo.github-trending-ios";
				PRODUCT_NAME = "$(TARGET_NAME)";
				SWIFT_VERSION = 4.0;
				TARGETED_DEVICE_FAMILY = "1,2";
			};
			name = Release;
		};
		78C425692045D84900BD5D95 /* Debug */ = {
			isa = XCBuildConfiguration;
			baseConfigurationReference = B343F314C6C0FA3B0066A33F /* Pods-github_trending_iosTests.debug.xcconfig */;
			buildSettings = {
				ALWAYS_EMBED_SWIFT_STANDARD_LIBRARIES = YES;
				BUNDLE_LOADER = "$(TEST_HOST)";
				CLANG_ENABLE_MODULES = YES;
				CODE_SIGN_STYLE = Automatic;
				DEVELOPMENT_TEAM = 6DGGA4GWZR;
				INFOPLIST_FILE = github_trending_iosTests/Info.plist;
				LD_RUNPATH_SEARCH_PATHS = "$(inherited) @executable_path/Frameworks @loader_path/Frameworks";
				PRODUCT_BUNDLE_IDENTIFIER = "onepointsixtwo.github-trending-iosTests";
				PRODUCT_NAME = "$(TARGET_NAME)";
				SWIFT_OBJC_BRIDGING_HEADER = "github_trending_iosTests/github_trending_iosTests-Bridging-Header.h";
				SWIFT_OPTIMIZATION_LEVEL = "-Onone";
				SWIFT_VERSION = 4.0;
				TARGETED_DEVICE_FAMILY = "1,2";
				TEST_HOST = "$(BUILT_PRODUCTS_DIR)/github_trending_ios.app/github_trending_ios";
			};
			name = Debug;
		};
		78C4256A2045D84900BD5D95 /* Release */ = {
			isa = XCBuildConfiguration;
			baseConfigurationReference = BA595E406ECA0BD1C441AE58 /* Pods-github_trending_iosTests.release.xcconfig */;
			buildSettings = {
				ALWAYS_EMBED_SWIFT_STANDARD_LIBRARIES = YES;
				BUNDLE_LOADER = "$(TEST_HOST)";
				CLANG_ENABLE_MODULES = YES;
				CODE_SIGN_STYLE = Automatic;
				DEVELOPMENT_TEAM = 6DGGA4GWZR;
				INFOPLIST_FILE = github_trending_iosTests/Info.plist;
				LD_RUNPATH_SEARCH_PATHS = "$(inherited) @executable_path/Frameworks @loader_path/Frameworks";
				PRODUCT_BUNDLE_IDENTIFIER = "onepointsixtwo.github-trending-iosTests";
				PRODUCT_NAME = "$(TARGET_NAME)";
				SWIFT_OBJC_BRIDGING_HEADER = "github_trending_iosTests/github_trending_iosTests-Bridging-Header.h";
				SWIFT_VERSION = 4.0;
				TARGETED_DEVICE_FAMILY = "1,2";
				TEST_HOST = "$(BUILT_PRODUCTS_DIR)/github_trending_ios.app/github_trending_ios";
			};
			name = Release;
		};
/* End XCBuildConfiguration section */

/* Begin XCConfigurationList section */
		78C425432045D84900BD5D95 /* Build configuration list for PBXProject "github_trending_ios" */ = {
			isa = XCConfigurationList;
			buildConfigurations = (
				78C425632045D84900BD5D95 /* Debug */,
				78C425642045D84900BD5D95 /* Release */,
			);
			defaultConfigurationIsVisible = 0;
			defaultConfigurationName = Release;
		};
		78C425652045D84900BD5D95 /* Build configuration list for PBXNativeTarget "github_trending_ios" */ = {
			isa = XCConfigurationList;
			buildConfigurations = (
				78C425662045D84900BD5D95 /* Debug */,
				78C425672045D84900BD5D95 /* Release */,
			);
			defaultConfigurationIsVisible = 0;
			defaultConfigurationName = Release;
		};
		78C425682045D84900BD5D95 /* Build configuration list for PBXNativeTarget "github_trending_iosTests" */ = {
			isa = XCConfigurationList;
			buildConfigurations = (
				78C425692045D84900BD5D95 /* Debug */,
				78C4256A2045D84900BD5D95 /* Release */,
			);
			defaultConfigurationIsVisible = 0;
			defaultConfigurationName = Release;
		};
/* End XCConfigurationList section */
	};
	rootObject = 78C425402045D84900BD5D95 /* Project object */;
}
